
Microsoft Visual Studio Solution File, Format Version 12.00
# Visual Studio Version 17
VisualStudioVersion = 17.0.32126.317
MinimumVisualStudioVersion = 10.0.40219.1
Project("{FAE04EC0-301F-11D3-BF4B-00C04F79EFBC}") = "GenericMaximumNumber", "GenericMaximumNumber\GenericMaximumNumber.csproj", "{8038C2C9-DDC8-416F-82F3-A31464443991}"
EndProject
Global
	GlobalSection(SolutionConfigurationPlatforms) = preSolution
		Debug|Any CPU = Debug|Any CPU
		Release|Any CPU = Release|Any CPU
	EndGlobalSection
	GlobalSection(ProjectConfigurationPlatforms) = postSolution
		{8038C2C9-DDC8-416F-82F3-A31464443991}.Debug|Any CPU.ActiveCfg = Debug|Any CPU
		{8038C2C9-DDC8-416F-82F3-A31464443991}.Debug|Any CPU.Build.0 = Debug|Any CPU
		{8038C2C9-DDC8-416F-82F3-A31464443991}.Release|Any CPU.ActiveCfg = Release|Any CPU
		{8038C2C9-DDC8-416F-82F3-A31464443991}.Release|Any CPU.Build.0 = Release|Any CPU
	EndGlobalSection
	GlobalSection(SolutionProperties) = preSolution
		HideSolutionNode = FALSE
	EndGlobalSection
	GlobalSection(ExtensibilityGlobals) = postSolution
		SolutionGuid = {092F2874-D6A0-4C0A-82A9-81578AF998E7}
	EndGlobalSection
EndGlobal
